
Microsoft Visual Studio Solution File, Format Version 12.00
# Visual Studio Version 17
VisualStudioVersion = 17.1.32319.34
MinimumVisualStudioVersion = 10.0.40219.1
Project("{2150E333-8FDC-42A3-9474-1A3956D46DE8}") = "src", "src", "{8B67E0ED-2888-40D9-A0AE-5C131A69F9F8}"
EndProject
Project("{2150E333-8FDC-42A3-9474-1A3956D46DE8}") = "tests", "tests", "{A35D720B-85BB-41B4-AAB8-07504E111010}"
EndProject
Project("{2150E333-8FDC-42A3-9474-1A3956D46DE8}") = "Core", "Core", "{F8C504B1-E9CE-49F7-B0AF-8FFBDC3576E2}"
EndProject
Project("{2150E333-8FDC-42A3-9474-1A3956D46DE8}") = "Application", "Application", "{90B6B0D6-F751-4527-AF4A-B7D6CCE4420E}"
EndProject
Project("{2150E333-8FDC-42A3-9474-1A3956D46DE8}") = "Domain", "Domain", "{96A48281-ADF0-42B0-85DE-6B4E90DF13F6}"
EndProject
Project("{9A19103F-16F7-4668-BE54-9A1E7A4F7556}") = "UniQuanda.Core.Domain", "UniQuanda.Core.Domain\UniQuanda.Core.Domain.csproj", "{C2DA0003-79ED-43B4-8CB0-1728430C5EA1}"
EndProject
Project("{2150E333-8FDC-42A3-9474-1A3956D46DE8}") = "Tests", "Tests", "{D607A687-D1CC-47DA-8DCF-566E45E7D6C5}"
EndProject
Project("{9A19103F-16F7-4668-BE54-9A1E7A4F7556}") = "UniQuanda.Tests", "UniQuanda.Tests\UniQuanda.Tests.csproj", "{0A029C4C-2A12-4AEB-9609-54156F2F5C6F}"
EndProject
Project("{9A19103F-16F7-4668-BE54-9A1E7A4F7556}") = "UniQuanda.Core.Application", "UniQuanda.Core.Application\UniQuanda.Core.Application.csproj", "{5E1023C4-2ADB-49E3-8ED6-1096406C8EBA}"
EndProject
Project("{2150E333-8FDC-42A3-9474-1A3956D46DE8}") = "Infrastructure", "Infrastructure", "{3E2465B7-041D-423F-870B-AFE2A145CE5C}"
EndProject
Project("{2150E333-8FDC-42A3-9474-1A3956D46DE8}") = "Persistence", "Persistence", "{1E79974B-BFA9-49D4-A86E-3BD8F7068CCB}"
EndProject
Project("{9A19103F-16F7-4668-BE54-9A1E7A4F7556}") = "UniQuanda.Infrastructure.Presistence", "UniQuanda.Infrastructure.Presistence\UniQuanda.Infrastructure.Presistence.csproj", "{C23CEF68-031D-4027-8E3B-8D63694B9297}"
EndProject
Project("{9A19103F-16F7-4668-BE54-9A1E7A4F7556}") = "UniQuanda.Infrastructure", "UniQuanda.Infrastructure\UniQuanda.Infrastructure.csproj", "{441DE02D-85A1-424C-836A-A58B71C18747}"
EndProject
Project("{2150E333-8FDC-42A3-9474-1A3956D46DE8}") = "Presentation", "Presentation", "{6CCAE8E5-2F59-4850-9F60-61466509CFAA}"
EndProject
Project("{9A19103F-16F7-4668-BE54-9A1E7A4F7556}") = "UniQuanda.Presentation.API", "UniQuanda.Presentation.API\UniQuanda.Presentation.API.csproj", "{FFAA4FAA-17D2-4F30-8814-A1546FCBC2B1}"
EndProject
Global
	GlobalSection(SolutionConfigurationPlatforms) = preSolution
		Debug|Any CPU = Debug|Any CPU
		Release|Any CPU = Release|Any CPU
	EndGlobalSection
	GlobalSection(ProjectConfigurationPlatforms) = postSolution
		{C2DA0003-79ED-43B4-8CB0-1728430C5EA1}.Debug|Any CPU.ActiveCfg = Debug|Any CPU
		{C2DA0003-79ED-43B4-8CB0-1728430C5EA1}.Debug|Any CPU.Build.0 = Debug|Any CPU
		{C2DA0003-79ED-43B4-8CB0-1728430C5EA1}.Release|Any CPU.ActiveCfg = Release|Any CPU
		{C2DA0003-79ED-43B4-8CB0-1728430C5EA1}.Release|Any CPU.Build.0 = Release|Any CPU
		{0A029C4C-2A12-4AEB-9609-54156F2F5C6F}.Debug|Any CPU.ActiveCfg = Debug|Any CPU
		{0A029C4C-2A12-4AEB-9609-54156F2F5C6F}.Debug|Any CPU.Build.0 = Debug|Any CPU
		{0A029C4C-2A12-4AEB-9609-54156F2F5C6F}.Release|Any CPU.ActiveCfg = Release|Any CPU
		{0A029C4C-2A12-4AEB-9609-54156F2F5C6F}.Release|Any CPU.Build.0 = Release|Any CPU
		{5E1023C4-2ADB-49E3-8ED6-1096406C8EBA}.Debug|Any CPU.ActiveCfg = Debug|Any CPU
		{5E1023C4-2ADB-49E3-8ED6-1096406C8EBA}.Debug|Any CPU.Build.0 = Debug|Any CPU
		{5E1023C4-2ADB-49E3-8ED6-1096406C8EBA}.Release|Any CPU.ActiveCfg = Release|Any CPU
		{5E1023C4-2ADB-49E3-8ED6-1096406C8EBA}.Release|Any CPU.Build.0 = Release|Any CPU
		{C23CEF68-031D-4027-8E3B-8D63694B9297}.Debug|Any CPU.ActiveCfg = Debug|Any CPU
		{C23CEF68-031D-4027-8E3B-8D63694B9297}.Debug|Any CPU.Build.0 = Debug|Any CPU
		{C23CEF68-031D-4027-8E3B-8D63694B9297}.Release|Any CPU.ActiveCfg = Release|Any CPU
		{C23CEF68-031D-4027-8E3B-8D63694B9297}.Release|Any CPU.Build.0 = Release|Any CPU
		{441DE02D-85A1-424C-836A-A58B71C18747}.Debug|Any CPU.ActiveCfg = Debug|Any CPU
		{441DE02D-85A1-424C-836A-A58B71C18747}.Debug|Any CPU.Build.0 = Debug|Any CPU
		{441DE02D-85A1-424C-836A-A58B71C18747}.Release|Any CPU.ActiveCfg = Release|Any CPU
		{441DE02D-85A1-424C-836A-A58B71C18747}.Release|Any CPU.Build.0 = Release|Any CPU
		{FFAA4FAA-17D2-4F30-8814-A1546FCBC2B1}.Debug|Any CPU.ActiveCfg = Debug|Any CPU
		{FFAA4FAA-17D2-4F30-8814-A1546FCBC2B1}.Debug|Any CPU.Build.0 = Debug|Any CPU
		{FFAA4FAA-17D2-4F30-8814-A1546FCBC2B1}.Release|Any CPU.ActiveCfg = Release|Any CPU
		{FFAA4FAA-17D2-4F30-8814-A1546FCBC2B1}.Release|Any CPU.Build.0 = Release|Any CPU
	EndGlobalSection
	GlobalSection(SolutionProperties) = preSolution
		HideSolutionNode = FALSE
	EndGlobalSection
	GlobalSection(NestedProjects) = preSolution
		{F8C504B1-E9CE-49F7-B0AF-8FFBDC3576E2} = {8B67E0ED-2888-40D9-A0AE-5C131A69F9F8}
		{90B6B0D6-F751-4527-AF4A-B7D6CCE4420E} = {F8C504B1-E9CE-49F7-B0AF-8FFBDC3576E2}
		{96A48281-ADF0-42B0-85DE-6B4E90DF13F6} = {F8C504B1-E9CE-49F7-B0AF-8FFBDC3576E2}
		{C2DA0003-79ED-43B4-8CB0-1728430C5EA1} = {96A48281-ADF0-42B0-85DE-6B4E90DF13F6}
		{D607A687-D1CC-47DA-8DCF-566E45E7D6C5} = {A35D720B-85BB-41B4-AAB8-07504E111010}
		{0A029C4C-2A12-4AEB-9609-54156F2F5C6F} = {D607A687-D1CC-47DA-8DCF-566E45E7D6C5}
		{5E1023C4-2ADB-49E3-8ED6-1096406C8EBA} = {90B6B0D6-F751-4527-AF4A-B7D6CCE4420E}
		{3E2465B7-041D-423F-870B-AFE2A145CE5C} = {8B67E0ED-2888-40D9-A0AE-5C131A69F9F8}
		{1E79974B-BFA9-49D4-A86E-3BD8F7068CCB} = {3E2465B7-041D-423F-870B-AFE2A145CE5C}
		{C23CEF68-031D-4027-8E3B-8D63694B9297} = {1E79974B-BFA9-49D4-A86E-3BD8F7068CCB}
		{441DE02D-85A1-424C-836A-A58B71C18747} = {3E2465B7-041D-423F-870B-AFE2A145CE5C}
		{6CCAE8E5-2F59-4850-9F60-61466509CFAA} = {8B67E0ED-2888-40D9-A0AE-5C131A69F9F8}
		{FFAA4FAA-17D2-4F30-8814-A1546FCBC2B1} = {6CCAE8E5-2F59-4850-9F60-61466509CFAA}
	EndGlobalSection
	GlobalSection(ExtensibilityGlobals) = postSolution
		SolutionGuid = {92F8C939-26DB-406B-AFE0-C1D456942017}
	EndGlobalSection
EndGlobal
